// !$*UTF8*$!
{
	archiveVersion = 1;
	classes = {
	};
	objectVersion = 48;
	objects = {

/* Begin PBXBuildFile section */
		AA5FF8961FD4ED0300EB5172 /* AppDelegate.swift in Sources */ = {isa = PBXBuildFile; fileRef = AA5FF8951FD4ED0300EB5172 /* AppDelegate.swift */; };
		AA5FF8981FD4ED0300EB5172 /* ViewController.swift in Sources */ = {isa = PBXBuildFile; fileRef = AA5FF8971FD4ED0300EB5172 /* ViewController.swift */; };
		AA5FF89B1FD4ED0300EB5172 /* Main.storyboard in Resources */ = {isa = PBXBuildFile; fileRef = AA5FF8991FD4ED0300EB5172 /* Main.storyboard */; };
		AA5FF89D1FD4ED0300EB5172 /* Assets.xcassets in Resources */ = {isa = PBXBuildFile; fileRef = AA5FF89C1FD4ED0300EB5172 /* Assets.xcassets */; };
		AA5FF8A01FD4ED0300EB5172 /* LaunchScreen.storyboard in Resources */ = {isa = PBXBuildFile; fileRef = AA5FF89E1FD4ED0300EB5172 /* LaunchScreen.storyboard */; };
/* End PBXBuildFile section */

/* Begin PBXFileReference section */
		AA5FF8921FD4ED0300EB5172 /* rolling.app */ = {isa = PBXFileReference; explicitFileType = wrapper.application; includeInIndex = 0; path = rolling.app; sourceTree = BUILT_PRODUCTS_DIR; };
		AA5FF8951FD4ED0300EB5172 /* AppDelegate.swift */ = {isa = PBXFileReference; lastKnownFileType = sourcecode.swift; path = AppDelegate.swift; sourceTree = "<group>"; };
		AA5FF8971FD4ED0300EB5172 /* ViewController.swift */ = {isa = PBXFileReference; lastKnownFileType = sourcecode.swift; path = ViewController.swift; sourceTree = "<group>"; };
		AA5FF89A1FD4ED0300EB5172 /* Base */ = {isa = PBXFileReference; lastKnownFileType = file.storyboard; name = Base; path = Base.lproj/Main.storyboard; sourceTree = "<group>"; };
		AA5FF89C1FD4ED0300EB5172 /* Assets.xcassets */ = {isa = PBXFileReference; lastKnownFileType = folder.assetcatalog; path = Assets.xcassets; sourceTree = "<group>"; };
		AA5FF89F1FD4ED0300EB5172 /* Base */ = {isa = PBXFileReference; lastKnownFileType = file.storyboard; name = Base; path = Base.lproj/LaunchScreen.storyboard; sourceTree = "<group>"; };
		AA5FF8A11FD4ED0300EB5172 /* Info.plist */ = {isa = PBXFileReference; lastKnownFileType = text.plist.xml; path = Info.plist; sourceTree = "<group>"; };
/* End PBXFileReference section */

/* Begin PBXFrameworksBuildPhase section */
		AA5FF88F1FD4ED0300EB5172 /* Frameworks */ = {
			isa = PBXFrameworksBuildPhase;
			buildActionMask = 2147483647;
			files = (
			);
			runOnlyForDeploymentPostprocessing = 0;
		};
/* End PBXFrameworksBuildPhase section */

/* Begin PBXGroup section */
		AA5FF8891FD4ED0300EB5172 = {
			isa = PBXGroup;
			children = (
				AA5FF8941FD4ED0300EB5172 /* rolling */,
				AA5FF8931FD4ED0300EB5172 /* Products */,
			);
			sourceTree = "<group>";
		};
		AA5FF8931FD4ED0300EB5172 /* Products */ = {
			isa = PBXGroup;
			children = (
				AA5FF8921FD4ED0300EB5172 /* rolling.app */,
			);
			name = Products;
			sourceTree = "<group>";
		};
		AA5FF8941FD4ED0300EB5172 /* rolling */ = {
			isa = PBXGroup;
			children = (
				AA5FF8951FD4ED0300EB5172 /* AppDelegate.swift */,
				AA5FF8971FD4ED0300EB5172 /* ViewController.swift */,
				AA5FF8991FD4ED0300EB5172 /* Main.storyboard */,
				AA5FF89C1FD4ED0300EB5172 /* Assets.xcassets */,
				AA5FF89E1FD4ED0300EB5172 /* LaunchScreen.storyboard */,
				AA5FF8A11FD4ED0300EB5172 /* Info.plist */,
			);
			path = rolling;
			sourceTree = "<group>";
		};
/* End PBXGroup section */

/* Begin PBXNativeTarget section */
		AA5FF8911FD4ED0300EB5172 /* rolling */ = {
			isa = PBXNativeTarget;
			buildConfigurationList = AA5FF8A41FD4ED0300EB5172 /* Build configuration list for PBXNativeTarget "rolling" */;
			buildPhases = (
				AA5FF88E1FD4ED0300EB5172 /* Sources */,
				AA5FF88F1FD4ED0300EB5172 /* Frameworks */,
				AA5FF8901FD4ED0300EB5172 /* Resources */,
			);
			buildRules = (
			);
			dependencies = (
			);
			name = rolling;
			productName = rolling;
			productReference = AA5FF8921FD4ED0300EB5172 /* rolling.app */;
			productType = "com.apple.product-type.application";
		};
/* End PBXNativeTarget section */

/* Begin PBXProject section */
		AA5FF88A1FD4ED0300EB5172 /* Project object */ = {
			isa = PBXProject;
			attributes = {
				LastSwiftUpdateCheck = 0910;
				LastUpgradeCheck = 0910;
				ORGANIZATIONNAME = "Kelly Chang";
				TargetAttributes = {
					AA5FF8911FD4ED0300EB5172 = {
						CreatedOnToolsVersion = 9.1;
						ProvisioningStyle = Automatic;
					};
				};
			};
			buildConfigurationList = AA5FF88D1FD4ED0300EB5172 /* Build configuration list for PBXProject "rolling" */;
			compatibilityVersion = "Xcode 8.0";
			developmentRegion = en;
			hasScannedForEncodings = 0;
			knownRegions = (
				en,
				Base,
			);
			mainGroup = AA5FF8891FD4ED0300EB5172;
			productRefGroup = AA5FF8931FD4ED0300EB5172 /* Products */;
			projectDirPath = "";
			projectRoot = "";
			targets = (
				AA5FF8911FD4ED0300EB5172 /* rolling */,
			);
		};
/* End PBXProject section */

/* Begin PBXResourcesBuildPhase section */
		AA5FF8901FD4ED0300EB5172 /* Resources */ = {
			isa = PBXResourcesBuildPhase;
			buildActionMask = 2147483647;
			files = (
				AA5FF8A01FD4ED0300EB5172 /* LaunchScreen.storyboard in Resources */,
				AA5FF89D1FD4ED0300EB5172 /* Assets.xcassets in Resources */,
				AA5FF89B1FD4ED0300EB5172 /* Main.storyboard in Resources */,
			);
			runOnlyForDeploymentPostprocessing = 0;
		};
/* End PBXResourcesBuildPhase section */

/* Begin PBXSourcesBuildPhase section */
		AA5FF88E1FD4ED0300EB5172 /* Sources */ = {
			isa = PBXSourcesBuildPhase;
			buildActionMask = 2147483647;
			files = (
				AA5FF8981FD4ED0300EB5172 /* ViewController.swift in Sources */,
				AA5FF8961FD4ED0300EB5172 /* AppDelegate.swift in Sources */,
			);
			runOnlyForDeploymentPostprocessing = 0;
		};
/* End PBXSourcesBuildPhase section */

/* Begin PBXVariantGroup section */
		AA5FF8991FD4ED0300EB5172 /* Main.storyboard */ = {
			isa = PBXVariantGroup;
			children = (
				AA5FF89A1FD4ED0300EB5172 /* Base */,
			);
			name = Main.storyboard;
			sourceTree = "<group>";
		};
		AA5FF89E1FD4ED0300EB5172 /* LaunchScreen.storyboard */ = {
			isa = PBXVariantGroup;
			children = (
				AA5FF89F1FD4ED0300EB5172 /* Base */,
			);
			name = LaunchScreen.storyboard;
			sourceTree = "<group>";
		};
/* End PBXVariantGroup section */

/* Begin XCBuildConfiguration section */
		AA5FF8A21FD4ED0300EB5172 /* Debug */ = {
			isa = XCBuildConfiguration;
			buildSettings = {
				ALWAYS_SEARCH_USER_PATHS = NO;
				CLANG_ANALYZER_NONNULL = YES;
				CLANG_ANALYZER_NUMBER_OBJECT_CONVERSION = YES_AGGRESSIVE;
				CLANG_CXX_LANGUAGE_STANDARD = "gnu++14";
				CLANG_CXX_LIBRARY = "libc++";
				CLANG_ENABLE_MODULES = YES;
				CLANG_ENABLE_OBJC_ARC = YES;
				CLANG_WARN_BLOCK_CAPTURE_AUTORELEASING = YES;
				CLANG_WARN_BOOL_CONVERSION = YES;
				CLANG_WARN_COMMA = YES;
				CLANG_WARN_CONSTANT_CONVERSION = YES;
				CLANG_WARN_DIRECT_OBJC_ISA_USAGE = YES_ERROR;
				CLANG_WARN_DOCUMENTATION_COMMENTS = YES;
				CLANG_WARN_EMPTY_BODY = YES;
				CLANG_WARN_ENUM_CONVERSION = YES;
				CLANG_WARN_INFINITE_RECURSION = YES;
				CLANG_WARN_INT_CONVERSION = YES;
				CLANG_WARN_NON_LITERAL_NULL_CONVERSION = YES;
				CLANG_WARN_OBJC_LITERAL_CONVERSION = YES;
				CLANG_WARN_OBJC_ROOT_CLASS = YES_ERROR;
				CLANG_WARN_RANGE_LOOP_ANALYSIS = YES;
				CLANG_WARN_STRICT_PROTOTYPES = YES;
				CLANG_WARN_SUSPICIOUS_MOVE = YES;
				CLANG_WARN_UNGUARDED_AVAILABILITY = YES_AGGRESSIVE;
				CLANG_WARN_UNREACHABLE_CODE = YES;
				CLANG_WARN__DUPLICATE_METHOD_MATCH = YES;
				CODE_SIGN_IDENTITY = "iPhone Developer";
				COPY_PHASE_STRIP = NO;
				DEBUG_INFORMATION_FORMAT = dwarf;
				ENABLE_STRICT_OBJC_MSGSEND = YES;
				ENABLE_TESTABILITY = YES;
				GCC_C_LANGUAGE_STANDARD = gnu11;
				GCC_DYNAMIC_NO_PIC = NO;
				GCC_NO_COMMON_BLOCKS = YES;
				GCC_OPTIMIZATION_LEVEL = 0;
				GCC_PREPROCESSOR_DEFINITIONS = (
					"DEBUG=1",
					"$(inherited)",
				);
				GCC_WARN_64_TO_32_BIT_CONVERSION = YES;
				GCC_WARN_ABOUT_RETURN_TYPE = YES_ERROR;
				GCC_WARN_UNDECLARED_SELECTOR = YES;
				GCC_WARN_UNINITIALIZED_AUTOS = YES_AGGRESSIVE;
				GCC_WARN_UNUSED_FUNCTION = YES;
				GCC_WARN_UNUSED_VARIABLE = YES;
				IPHONEOS_DEPLOYMENT_TARGET = 11.1;
				MTL_ENABLE_DEBUG_INFO = YES;
				ONLY_ACTIVE_ARCH = YES;
				SDKROOT = iphoneos;
				SWIFT_ACTIVE_COMPILATION_CONDITIONS = DEBUG;
				SWIFT_OPTIMIZATION_LEVEL = "-Onone";
			};
			name = Debug;
		};
		AA5FF8A31FD4ED0300EB5172 /* Release */ = {
			isa = XCBuildConfiguration;
			buildSettings = {
				ALWAYS_SEARCH_USER_PATHS = NO;
				CLANG_ANALYZER_NONNULL = YES;
				CLANG_ANALYZER_NUMBER_OBJECT_CONVERSION = YES_AGGRESSIVE;
				CLANG_CXX_LANGUAGE_STANDARD = "gnu++14";
				CLANG_CXX_LIBRARY = "libc++";
				CLANG_ENABLE_MODULES = YES;
				CLANG_ENABLE_OBJC_ARC = YES;
				CLANG_WARN_BLOCK_CAPTURE_AUTORELEASING = YES;
				CLANG_WARN_BOOL_CONVERSION = YES;
				CLANG_WARN_COMMA = YES;
				CLANG_WARN_CONSTANT_CONVERSION = YES;
				CLANG_WARN_DIRECT_OBJC_ISA_USAGE = YES_ERROR;
				CLANG_WARN_DOCUMENTATION_COMMENTS = YES;
				CLANG_WARN_EMPTY_BODY = YES;
				CLANG_WARN_ENUM_CONVERSION = YES;
				CLANG_WARN_INFINITE_RECURSION = YES;
				CLANG_WARN_INT_CONVERSION = YES;
				CLANG_WARN_NON_LITERAL_NULL_CONVERSION = YES;
				CLANG_WARN_OBJC_LITERAL_CONVERSION = YES;
				CLANG_WARN_OBJC_ROOT_CLASS = YES_ERROR;
				CLANG_WARN_RANGE_LOOP_ANALYSIS = YES;
				CLANG_WARN_STRICT_PROTOTYPES = YES;
				CLANG_WARN_SUSPICIOUS_MOVE = YES;
				CLANG_WARN_UNGUARDED_AVAILABILITY = YES_AGGRESSIVE;
				CLANG_WARN_UNREACHABLE_CODE = YES;
				CLANG_WARN__DUPLICATE_METHOD_MATCH = YES;
				CODE_SIGN_IDENTITY = "iPhone Developer";
				COPY_PHASE_STRIP = NO;
				DEBUG_INFORMATION_FORMAT = "dwarf-with-dsym";
				ENABLE_NS_ASSERTIONS = NO;
				ENABLE_STRICT_OBJC_MSGSEND = YES;
				GCC_C_LANGUAGE_STANDARD = gnu11;
				GCC_NO_COMMON_BLOCKS = YES;
				GCC_WARN_64_TO_32_BIT_CONVERSION = YES;
				GCC_WARN_ABOUT_RETURN_TYPE = YES_ERROR;
				GCC_WARN_UNDECLARED_SELECTOR = YES;
				GCC_WARN_UNINITIALIZED_AUTOS = YES_AGGRESSIVE;
				GCC_WARN_UNUSED_FUNCTION = YES;
				GCC_WARN_UNUSED_VARIABLE = YES;
				IPHONEOS_DEPLOYMENT_TARGET = 11.1;
				MTL_ENABLE_DEBUG_INFO = NO;
				SDKROOT = iphoneos;
				SWIFT_OPTIMIZATION_LEVEL = "-Owholemodule";
				VALIDATE_PRODUCT = YES;
			};
			name = Release;
		};
		AA5FF8A51FD4ED0300EB5172 /* Debug */ = {
			isa = XCBuildConfiguration;
			buildSettings = {
				ASSETCATALOG_COMPILER_APPICON_NAME = AppIcon;
				CODE_SIGN_STYLE = Automatic;
				DEVELOPMENT_TEAM = 9P567ERY2A;
				INFOPLIST_FILE = rolling/Info.plist;
				LD_RUNPATH_SEARCH_PATHS = "$(inherited) @executable_path/Frameworks";
				PRODUCT_BUNDLE_IDENTIFIER = com.kellychang.rolling;
				PRODUCT_NAME = "$(TARGET_NAME)";
				SWIFT_VERSION = 4.0;
				TARGETED_DEVICE_FAMILY = "1,2";
			};
			name = Debug;
		};
		AA5FF8A61FD4ED0300EB5172 /* Release */ = {
			isa = XCBuildConfiguration;
			buildSettings = {
				ASSETCATALOG_COMPILER_APPICON_NAME = AppIcon;
				CODE_SIGN_STYLE = Automatic;
				DEVELOPMENT_TEAM = 9P567ERY2A;
				INFOPLIST_FILE = rolling/Info.plist;
				LD_RUNPATH_SEARCH_PATHS = "$(inherited) @executable_path/Frameworks";
				PRODUCT_BUNDLE_IDENTIFIER = com.kellychang.rolling;
				PRODUCT_NAME = "$(TARGET_NAME)";
				SWIFT_VERSION = 4.0;
				TARGETED_DEVICE_FAMILY = "1,2";
			};
			name = Release;
		};
/* End XCBuildConfiguration section */

/* Begin XCConfigurationList section */
		AA5FF88D1FD4ED0300EB5172 /* Build configuration list for PBXProject "rolling" */ = {
			isa = XCConfigurationList;
			buildConfigurations = (
				AA5FF8A21FD4ED0300EB5172 /* Debug */,
				AA5FF8A31FD4ED0300EB5172 /* Release */,
			);
			defaultConfigurationIsVisible = 0;
			defaultConfigurationName = Release;
		};
		AA5FF8A41FD4ED0300EB5172 /* Build configuration list for PBXNativeTarget "rolling" */ = {
			isa = XCConfigurationList;
			buildConfigurations = (
				AA5FF8A51FD4ED0300EB5172 /* Debug */,
				AA5FF8A61FD4ED0300EB5172 /* Release */,
			);
			defaultConfigurationIsVisible = 0;
			defaultConfigurationName = Release;
		};
/* End XCConfigurationList section */
	};
	rootObject = AA5FF88A1FD4ED0300EB5172 /* Project object */;
}
